
Microsoft Visual Studio Solution File, Format Version 12.00
# Visual Studio Version 16
VisualStudioVersion = 16.0.31729.503
MinimumVisualStudioVersion = 10.0.40219.1
Project("{FAE04EC0-301F-11D3-BF4B-00C04F79EFBC}") = "bivaa_server_main", "bivaa_server_main\bivaa_server_main.csproj", "{6B71569B-3912-4B38-B525-531FD7DD4798}"
EndProject
Global
	GlobalSection(SolutionConfigurationPlatforms) = preSolution
		Debug|Any CPU = Debug|Any CPU
		Release|Any CPU = Release|Any CPU
	EndGlobalSection
	GlobalSection(ProjectConfigurationPlatforms) = postSolution
		{6B71569B-3912-4B38-B525-531FD7DD4798}.Debug|Any CPU.ActiveCfg = Debug|Any CPU
		{6B71569B-3912-4B38-B525-531FD7DD4798}.Debug|Any CPU.Build.0 = Debug|Any CPU
		{6B71569B-3912-4B38-B525-531FD7DD4798}.Release|Any CPU.ActiveCfg = Release|Any CPU
		{6B71569B-3912-4B38-B525-531FD7DD4798}.Release|Any CPU.Build.0 = Release|Any CPU
	EndGlobalSection
	GlobalSection(SolutionProperties) = preSolution
		HideSolutionNode = FALSE
	EndGlobalSection
	GlobalSection(ExtensibilityGlobals) = postSolution
		SolutionGuid = {89EA8F0E-CD88-49A2-8264-D12D31693D1E}
	EndGlobalSection
EndGlobal
